
Microsoft Visual Studio Solution File, Format Version 12.00
# Visual Studio Version 17
VisualStudioVersion = 17.0.32126.317
MinimumVisualStudioVersion = 10.0.40219.1
Project("{FAE04EC0-301F-11D3-BF4B-00C04F79EFBC}") = "ConsoleBPLA", "ConsoleBPLA\ConsoleBPLA.csproj", "{D7FE0063-FD53-40F6-867E-CA676BCF5261}"
EndProject
Project("{FAE04EC0-301F-11D3-BF4B-00C04F79EFBC}") = "BestBPLAWay", "BestBPLAWay\BestBPLAWay.csproj", "{964F4777-9C69-49A2-8348-A456F4FCB925}"
EndProject
Global
	GlobalSection(SolutionConfigurationPlatforms) = preSolution
		Debug|Any CPU = Debug|Any CPU
		Release|Any CPU = Release|Any CPU
	EndGlobalSection
	GlobalSection(ProjectConfigurationPlatforms) = postSolution
		{D7FE0063-FD53-40F6-867E-CA676BCF5261}.Debug|Any CPU.ActiveCfg = Debug|Any CPU
		{D7FE0063-FD53-40F6-867E-CA676BCF5261}.Debug|Any CPU.Build.0 = Debug|Any CPU
		{D7FE0063-FD53-40F6-867E-CA676BCF5261}.Release|Any CPU.ActiveCfg = Release|Any CPU
		{D7FE0063-FD53-40F6-867E-CA676BCF5261}.Release|Any CPU.Build.0 = Release|Any CPU
		{964F4777-9C69-49A2-8348-A456F4FCB925}.Debug|Any CPU.ActiveCfg = Debug|Any CPU
		{964F4777-9C69-49A2-8348-A456F4FCB925}.Debug|Any CPU.Build.0 = Debug|Any CPU
		{964F4777-9C69-49A2-8348-A456F4FCB925}.Release|Any CPU.ActiveCfg = Release|Any CPU
		{964F4777-9C69-49A2-8348-A456F4FCB925}.Release|Any CPU.Build.0 = Release|Any CPU
	EndGlobalSection
	GlobalSection(SolutionProperties) = preSolution
		HideSolutionNode = FALSE
	EndGlobalSection
	GlobalSection(ExtensibilityGlobals) = postSolution
		SolutionGuid = {DA01B2C8-9EDB-4B22-B8CF-D40D125647AE}
	EndGlobalSection
EndGlobal
